// !$*UTF8*$!
{
	archiveVersion = 1;
	classes = {
	};
	objectVersion = 48;
	objects = {

/* Begin PBXBuildFile section */
		71494DDD20711E86006C7A38 /* AppDelegate.m in Sources */ = {isa = PBXBuildFile; fileRef = 71494DDC20711E86006C7A38 /* AppDelegate.m */; };
		71494DE020711E86006C7A38 /* ViewController.m in Sources */ = {isa = PBXBuildFile; fileRef = 71494DDF20711E86006C7A38 /* ViewController.m */; };
		71494DE320711E86006C7A38 /* Main.storyboard in Resources */ = {isa = PBXBuildFile; fileRef = 71494DE120711E86006C7A38 /* Main.storyboard */; };
		71494DE520711E86006C7A38 /* Assets.xcassets in Resources */ = {isa = PBXBuildFile; fileRef = 71494DE420711E86006C7A38 /* Assets.xcassets */; };
		71494DE820711E86006C7A38 /* LaunchScreen.storyboard in Resources */ = {isa = PBXBuildFile; fileRef = 71494DE620711E86006C7A38 /* LaunchScreen.storyboard */; };
		71494DEB20711E86006C7A38 /* main.m in Sources */ = {isa = PBXBuildFile; fileRef = 71494DEA20711E86006C7A38 /* main.m */; };
		71494DF320733CD5006C7A38 /* NSThreadController.m in Sources */ = {isa = PBXBuildFile; fileRef = 71494DF220733CD5006C7A38 /* NSThreadController.m */; };
		71494DF620733CEF006C7A38 /* NSOperationController.m in Sources */ = {isa = PBXBuildFile; fileRef = 71494DF520733CEF006C7A38 /* NSOperationController.m */; };
		71494DF920733D02006C7A38 /* GCDController.m in Sources */ = {isa = PBXBuildFile; fileRef = 71494DF820733D02006C7A38 /* GCDController.m */; };
		71494DFC2073ADB5006C7A38 /* TGOperation.m in Sources */ = {isa = PBXBuildFile; fileRef = 71494DFB2073ADB5006C7A38 /* TGOperation.m */; };
/* End PBXBuildFile section */

/* Begin PBXFileReference section */
		71494DD820711E86006C7A38 /* MultiThreading.app */ = {isa = PBXFileReference; explicitFileType = wrapper.application; includeInIndex = 0; path = MultiThreading.app; sourceTree = BUILT_PRODUCTS_DIR; };
		71494DDB20711E86006C7A38 /* AppDelegate.h */ = {isa = PBXFileReference; lastKnownFileType = sourcecode.c.h; path = AppDelegate.h; sourceTree = "<group>"; };
		71494DDC20711E86006C7A38 /* AppDelegate.m */ = {isa = PBXFileReference; lastKnownFileType = sourcecode.c.objc; path = AppDelegate.m; sourceTree = "<group>"; };
		71494DDE20711E86006C7A38 /* ViewController.h */ = {isa = PBXFileReference; lastKnownFileType = sourcecode.c.h; path = ViewController.h; sourceTree = "<group>"; };
		71494DDF20711E86006C7A38 /* ViewController.m */ = {isa = PBXFileReference; lastKnownFileType = sourcecode.c.objc; path = ViewController.m; sourceTree = "<group>"; };
		71494DE220711E86006C7A38 /* Base */ = {isa = PBXFileReference; lastKnownFileType = file.storyboard; name = Base; path = Base.lproj/Main.storyboard; sourceTree = "<group>"; };
		71494DE420711E86006C7A38 /* Assets.xcassets */ = {isa = PBXFileReference; lastKnownFileType = folder.assetcatalog; path = Assets.xcassets; sourceTree = "<group>"; };
		71494DE720711E86006C7A38 /* Base */ = {isa = PBXFileReference; lastKnownFileType = file.storyboard; name = Base; path = Base.lproj/LaunchScreen.storyboard; sourceTree = "<group>"; };
		71494DE920711E86006C7A38 /* Info.plist */ = {isa = PBXFileReference; lastKnownFileType = text.plist.xml; path = Info.plist; sourceTree = "<group>"; };
		71494DEA20711E86006C7A38 /* main.m */ = {isa = PBXFileReference; lastKnownFileType = sourcecode.c.objc; path = main.m; sourceTree = "<group>"; };
		71494DF120733CD5006C7A38 /* NSThreadController.h */ = {isa = PBXFileReference; lastKnownFileType = sourcecode.c.h; path = NSThreadController.h; sourceTree = "<group>"; };
		71494DF220733CD5006C7A38 /* NSThreadController.m */ = {isa = PBXFileReference; lastKnownFileType = sourcecode.c.objc; path = NSThreadController.m; sourceTree = "<group>"; };
		71494DF420733CEF006C7A38 /* NSOperationController.h */ = {isa = PBXFileReference; lastKnownFileType = sourcecode.c.h; path = NSOperationController.h; sourceTree = "<group>"; };
		71494DF520733CEF006C7A38 /* NSOperationController.m */ = {isa = PBXFileReference; lastKnownFileType = sourcecode.c.objc; path = NSOperationController.m; sourceTree = "<group>"; };
		71494DF720733D02006C7A38 /* GCDController.h */ = {isa = PBXFileReference; lastKnownFileType = sourcecode.c.h; path = GCDController.h; sourceTree = "<group>"; };
		71494DF820733D02006C7A38 /* GCDController.m */ = {isa = PBXFileReference; lastKnownFileType = sourcecode.c.objc; path = GCDController.m; sourceTree = "<group>"; };
		71494DFA2073ADB5006C7A38 /* TGOperation.h */ = {isa = PBXFileReference; lastKnownFileType = sourcecode.c.h; path = TGOperation.h; sourceTree = "<group>"; };
		71494DFB2073ADB5006C7A38 /* TGOperation.m */ = {isa = PBXFileReference; lastKnownFileType = sourcecode.c.objc; path = TGOperation.m; sourceTree = "<group>"; };
/* End PBXFileReference section */

/* Begin PBXFrameworksBuildPhase section */
		71494DD520711E86006C7A38 /* Frameworks */ = {
			isa = PBXFrameworksBuildPhase;
			buildActionMask = 2147483647;
			files = (
			);
			runOnlyForDeploymentPostprocessing = 0;
		};
/* End PBXFrameworksBuildPhase section */

/* Begin PBXGroup section */
		71494DCF20711E86006C7A38 = {
			isa = PBXGroup;
			children = (
				71494DDA20711E86006C7A38 /* MultiThreading */,
				71494DD920711E86006C7A38 /* Products */,
			);
			sourceTree = "<group>";
		};
		71494DD920711E86006C7A38 /* Products */ = {
			isa = PBXGroup;
			children = (
				71494DD820711E86006C7A38 /* MultiThreading.app */,
			);
			name = Products;
			sourceTree = "<group>";
		};
		71494DDA20711E86006C7A38 /* MultiThreading */ = {
			isa = PBXGroup;
			children = (
				71494DDB20711E86006C7A38 /* AppDelegate.h */,
				71494DDC20711E86006C7A38 /* AppDelegate.m */,
				71494DDE20711E86006C7A38 /* ViewController.h */,
				71494DDF20711E86006C7A38 /* ViewController.m */,
				71494DE120711E86006C7A38 /* Main.storyboard */,
				71494DF120733CD5006C7A38 /* NSThreadController.h */,
				71494DF220733CD5006C7A38 /* NSThreadController.m */,
				71494DF420733CEF006C7A38 /* NSOperationController.h */,
				71494DF520733CEF006C7A38 /* NSOperationController.m */,
				71494DFA2073ADB5006C7A38 /* TGOperation.h */,
				71494DFB2073ADB5006C7A38 /* TGOperation.m */,
				71494DF720733D02006C7A38 /* GCDController.h */,
				71494DF820733D02006C7A38 /* GCDController.m */,
				71494DE420711E86006C7A38 /* Assets.xcassets */,
				71494DE620711E86006C7A38 /* LaunchScreen.storyboard */,
				71494DE920711E86006C7A38 /* Info.plist */,
				71494DEA20711E86006C7A38 /* main.m */,
			);
			path = MultiThreading;
			sourceTree = "<group>";
		};
/* End PBXGroup section */

/* Begin PBXNativeTarget section */
		71494DD720711E86006C7A38 /* MultiThreading */ = {
			isa = PBXNativeTarget;
			buildConfigurationList = 71494DEE20711E86006C7A38 /* Build configuration list for PBXNativeTarget "MultiThreading" */;
			buildPhases = (
				71494DD420711E86006C7A38 /* Sources */,
				71494DD520711E86006C7A38 /* Frameworks */,
				71494DD620711E86006C7A38 /* Resources */,
			);
			buildRules = (
			);
			dependencies = (
			);
			name = MultiThreading;
			productName = MultiThreading;
			productReference = 71494DD820711E86006C7A38 /* MultiThreading.app */;
			productType = "com.apple.product-type.application";
		};
/* End PBXNativeTarget section */

/* Begin PBXProject section */
		71494DD020711E86006C7A38 /* Project object */ = {
			isa = PBXProject;
			attributes = {
				LastUpgradeCheck = 0920;
				ORGANIZATIONNAME = "T AO";
				TargetAttributes = {
					71494DD720711E86006C7A38 = {
						CreatedOnToolsVersion = 9.2;
						ProvisioningStyle = Automatic;
					};
				};
			};
			buildConfigurationList = 71494DD320711E86006C7A38 /* Build configuration list for PBXProject "MultiThreading" */;
			compatibilityVersion = "Xcode 8.0";
			developmentRegion = en;
			hasScannedForEncodings = 0;
			knownRegions = (
				en,
				Base,
			);
			mainGroup = 71494DCF20711E86006C7A38;
			productRefGroup = 71494DD920711E86006C7A38 /* Products */;
			projectDirPath = "";
			projectRoot = "";
			targets = (
				71494DD720711E86006C7A38 /* MultiThreading */,
			);
		};
/* End PBXProject section */

/* Begin PBXResourcesBuildPhase section */
		71494DD620711E86006C7A38 /* Resources */ = {
			isa = PBXResourcesBuildPhase;
			buildActionMask = 2147483647;
			files = (
				71494DE820711E86006C7A38 /* LaunchScreen.storyboard in Resources */,
				71494DE520711E86006C7A38 /* Assets.xcassets in Resources */,
				71494DE320711E86006C7A38 /* Main.storyboard in Resources */,
			);
			runOnlyForDeploymentPostprocessing = 0;
		};
/* End PBXResourcesBuildPhase section */

/* Begin PBXSourcesBuildPhase section */
		71494DD420711E86006C7A38 /* Sources */ = {
			isa = PBXSourcesBuildPhase;
			buildActionMask = 2147483647;
			files = (
				71494DF620733CEF006C7A38 /* NSOperationController.m in Sources */,
				71494DF320733CD5006C7A38 /* NSThreadController.m in Sources */,
				71494DE020711E86006C7A38 /* ViewController.m in Sources */,
				71494DFC2073ADB5006C7A38 /* TGOperation.m in Sources */,
				71494DEB20711E86006C7A38 /* main.m in Sources */,
				71494DF920733D02006C7A38 /* GCDController.m in Sources */,
				71494DDD20711E86006C7A38 /* AppDelegate.m in Sources */,
			);
			runOnlyForDeploymentPostprocessing = 0;
		};
/* End PBXSourcesBuildPhase section */

/* Begin PBXVariantGroup section */
		71494DE120711E86006C7A38 /* Main.storyboard */ = {
			isa = PBXVariantGroup;
			children = (
				71494DE220711E86006C7A38 /* Base */,
			);
			name = Main.storyboard;
			sourceTree = "<group>";
		};
		71494DE620711E86006C7A38 /* LaunchScreen.storyboard */ = {
			isa = PBXVariantGroup;
			children = (
				71494DE720711E86006C7A38 /* Base */,
			);
			name = LaunchScreen.storyboard;
			sourceTree = "<group>";
		};
/* End PBXVariantGroup section */

/* Begin XCBuildConfiguration section */
		71494DEC20711E86006C7A38 /* Debug */ = {
			isa = XCBuildConfiguration;
			buildSettings = {
				ALWAYS_SEARCH_USER_PATHS = NO;
				CLANG_ANALYZER_NONNULL = YES;
				CLANG_ANALYZER_NUMBER_OBJECT_CONVERSION = YES_AGGRESSIVE;
				CLANG_CXX_LANGUAGE_STANDARD = "gnu++14";
				CLANG_CXX_LIBRARY = "libc++";
				CLANG_ENABLE_MODULES = YES;
				CLANG_ENABLE_OBJC_ARC = YES;
				CLANG_WARN_BLOCK_CAPTURE_AUTORELEASING = YES;
				CLANG_WARN_BOOL_CONVERSION = YES;
				CLANG_WARN_COMMA = YES;
				CLANG_WARN_CONSTANT_CONVERSION = YES;
				CLANG_WARN_DIRECT_OBJC_ISA_USAGE = YES_ERROR;
				CLANG_WARN_DOCUMENTATION_COMMENTS = YES;
				CLANG_WARN_EMPTY_BODY = YES;
				CLANG_WARN_ENUM_CONVERSION = YES;
				CLANG_WARN_INFINITE_RECURSION = YES;
				CLANG_WARN_INT_CONVERSION = YES;
				CLANG_WARN_NON_LITERAL_NULL_CONVERSION = YES;
				CLANG_WARN_OBJC_LITERAL_CONVERSION = YES;
				CLANG_WARN_OBJC_ROOT_CLASS = YES_ERROR;
				CLANG_WARN_RANGE_LOOP_ANALYSIS = YES;
				CLANG_WARN_STRICT_PROTOTYPES = YES;
				CLANG_WARN_SUSPICIOUS_MOVE = YES;
				CLANG_WARN_UNGUARDED_AVAILABILITY = YES_AGGRESSIVE;
				CLANG_WARN_UNREACHABLE_CODE = YES;
				CLANG_WARN__DUPLICATE_METHOD_MATCH = YES;
				CODE_SIGN_IDENTITY = "iPhone Developer";
				COPY_PHASE_STRIP = NO;
				DEBUG_INFORMATION_FORMAT = dwarf;
				ENABLE_STRICT_OBJC_MSGSEND = YES;
				ENABLE_TESTABILITY = YES;
				GCC_C_LANGUAGE_STANDARD = gnu11;
				GCC_DYNAMIC_NO_PIC = NO;
				GCC_NO_COMMON_BLOCKS = YES;
				GCC_OPTIMIZATION_LEVEL = 0;
				GCC_PREPROCESSOR_DEFINITIONS = (
					"DEBUG=1",
					"$(inherited)",
				);
				GCC_WARN_64_TO_32_BIT_CONVERSION = YES;
				GCC_WARN_ABOUT_RETURN_TYPE = YES_ERROR;
				GCC_WARN_UNDECLARED_SELECTOR = YES;
				GCC_WARN_UNINITIALIZED_AUTOS = YES_AGGRESSIVE;
				GCC_WARN_UNUSED_FUNCTION = YES;
				GCC_WARN_UNUSED_VARIABLE = YES;
				IPHONEOS_DEPLOYMENT_TARGET = 11.2;
				MTL_ENABLE_DEBUG_INFO = YES;
				ONLY_ACTIVE_ARCH = YES;
				SDKROOT = iphoneos;
			};
			name = Debug;
		};
		71494DED20711E86006C7A38 /* Release */ = {
			isa = XCBuildConfiguration;
			buildSettings = {
				ALWAYS_SEARCH_USER_PATHS = NO;
				CLANG_ANALYZER_NONNULL = YES;
				CLANG_ANALYZER_NUMBER_OBJECT_CONVERSION = YES_AGGRESSIVE;
				CLANG_CXX_LANGUAGE_STANDARD = "gnu++14";
				CLANG_CXX_LIBRARY = "libc++";
				CLANG_ENABLE_MODULES = YES;
				CLANG_ENABLE_OBJC_ARC = YES;
				CLANG_WARN_BLOCK_CAPTURE_AUTORELEASING = YES;
				CLANG_WARN_BOOL_CONVERSION = YES;
				CLANG_WARN_COMMA = YES;
				CLANG_WARN_CONSTANT_CONVERSION = YES;
				CLANG_WARN_DIRECT_OBJC_ISA_USAGE = YES_ERROR;
				CLANG_WARN_DOCUMENTATION_COMMENTS = YES;
				CLANG_WARN_EMPTY_BODY = YES;
				CLANG_WARN_ENUM_CONVERSION = YES;
				CLANG_WARN_INFINITE_RECURSION = YES;
				CLANG_WARN_INT_CONVERSION = YES;
				CLANG_WARN_NON_LITERAL_NULL_CONVERSION = YES;
				CLANG_WARN_OBJC_LITERAL_CONVERSION = YES;
				CLANG_WARN_OBJC_ROOT_CLASS = YES_ERROR;
				CLANG_WARN_RANGE_LOOP_ANALYSIS = YES;
				CLANG_WARN_STRICT_PROTOTYPES = YES;
				CLANG_WARN_SUSPICIOUS_MOVE = YES;
				CLANG_WARN_UNGUARDED_AVAILABILITY = YES_AGGRESSIVE;
				CLANG_WARN_UNREACHABLE_CODE = YES;
				CLANG_WARN__DUPLICATE_METHOD_MATCH = YES;
				CODE_SIGN_IDENTITY = "iPhone Developer";
				COPY_PHASE_STRIP = NO;
				DEBUG_INFORMATION_FORMAT = "dwarf-with-dsym";
				ENABLE_NS_ASSERTIONS = NO;
				ENABLE_STRICT_OBJC_MSGSEND = YES;
				GCC_C_LANGUAGE_STANDARD = gnu11;
				GCC_NO_COMMON_BLOCKS = YES;
				GCC_WARN_64_TO_32_BIT_CONVERSION = YES;
				GCC_WARN_ABOUT_RETURN_TYPE = YES_ERROR;
				GCC_WARN_UNDECLARED_SELECTOR = YES;
				GCC_WARN_UNINITIALIZED_AUTOS = YES_AGGRESSIVE;
				GCC_WARN_UNUSED_FUNCTION = YES;
				GCC_WARN_UNUSED_VARIABLE = YES;
				IPHONEOS_DEPLOYMENT_TARGET = 11.2;
				MTL_ENABLE_DEBUG_INFO = NO;
				SDKROOT = iphoneos;
				VALIDATE_PRODUCT = YES;
			};
			name = Release;
		};
		71494DEF20711E86006C7A38 /* Debug */ = {
			isa = XCBuildConfiguration;
			buildSettings = {
				ASSETCATALOG_COMPILER_APPICON_NAME = AppIcon;
				CODE_SIGN_STYLE = Automatic;
				INFOPLIST_FILE = MultiThreading/Info.plist;
				LD_RUNPATH_SEARCH_PATHS = "$(inherited) @executable_path/Frameworks";
				PRODUCT_BUNDLE_IDENTIFIER = com.TT.MultiThreading;
				PRODUCT_NAME = "$(TARGET_NAME)";
				TARGETED_DEVICE_FAMILY = "1,2";
			};
			name = Debug;
		};
		71494DF020711E86006C7A38 /* Release */ = {
			isa = XCBuildConfiguration;
			buildSettings = {
				ASSETCATALOG_COMPILER_APPICON_NAME = AppIcon;
				CODE_SIGN_STYLE = Automatic;
				INFOPLIST_FILE = MultiThreading/Info.plist;
				LD_RUNPATH_SEARCH_PATHS = "$(inherited) @executable_path/Frameworks";
				PRODUCT_BUNDLE_IDENTIFIER = com.TT.MultiThreading;
				PRODUCT_NAME = "$(TARGET_NAME)";
				TARGETED_DEVICE_FAMILY = "1,2";
			};
			name = Release;
		};
/* End XCBuildConfiguration section */

/* Begin XCConfigurationList section */
		71494DD320711E86006C7A38 /* Build configuration list for PBXProject "MultiThreading" */ = {
			isa = XCConfigurationList;
			buildConfigurations = (
				71494DEC20711E86006C7A38 /* Debug */,
				71494DED20711E86006C7A38 /* Release */,
			);
			defaultConfigurationIsVisible = 0;
			defaultConfigurationName = Release;
		};
		71494DEE20711E86006C7A38 /* Build configuration list for PBXNativeTarget "MultiThreading" */ = {
			isa = XCConfigurationList;
			buildConfigurations = (
				71494DEF20711E86006C7A38 /* Debug */,
				71494DF020711E86006C7A38 /* Release */,
			);
			defaultConfigurationIsVisible = 0;
			defaultConfigurationName = Release;
		};
/* End XCConfigurationList section */
	};
	rootObject = 71494DD020711E86006C7A38 /* Project object */;
}
