// !$*UTF8*$!
{
	archiveVersion = 1;
	classes = {
	};
	objectVersion = 50;
	objects = {

/* Begin PBXBuildFile section */
		3BED60A02297D7D200222792 /* AppDelegate.m in Sources */ = {isa = PBXBuildFile; fileRef = 3BED609F2297D7D200222792 /* AppDelegate.m */; };
		3BED60A32297D7D200222792 /* ViewController.m in Sources */ = {isa = PBXBuildFile; fileRef = 3BED60A22297D7D200222792 /* ViewController.m */; };
		3BED60A62297D7D200222792 /* Main.storyboard in Resources */ = {isa = PBXBuildFile; fileRef = 3BED60A42297D7D200222792 /* Main.storyboard */; };
		3BED60A82297D7D400222792 /* Assets.xcassets in Resources */ = {isa = PBXBuildFile; fileRef = 3BED60A72297D7D400222792 /* Assets.xcassets */; };
		3BED60AB2297D7D400222792 /* LaunchScreen.storyboard in Resources */ = {isa = PBXBuildFile; fileRef = 3BED60A92297D7D400222792 /* LaunchScreen.storyboard */; };
		3BED60AE2297D7D400222792 /* main.m in Sources */ = {isa = PBXBuildFile; fileRef = 3BED60AD2297D7D400222792 /* main.m */; };
		3BED60B62297D82200222792 /* KVOObject.m in Sources */ = {isa = PBXBuildFile; fileRef = 3BED60B52297D82200222792 /* KVOObject.m */; };
		3BED60B92297E02900222792 /* KVOObserver.m in Sources */ = {isa = PBXBuildFile; fileRef = 3BED60B82297E02900222792 /* KVOObserver.m */; };
/* End PBXBuildFile section */

/* Begin PBXFileReference section */
		3BED609B2297D7D200222792 /* KVO_TEST.app */ = {isa = PBXFileReference; explicitFileType = wrapper.application; includeInIndex = 0; path = KVO_TEST.app; sourceTree = BUILT_PRODUCTS_DIR; };
		3BED609E2297D7D200222792 /* AppDelegate.h */ = {isa = PBXFileReference; lastKnownFileType = sourcecode.c.h; path = AppDelegate.h; sourceTree = "<group>"; };
		3BED609F2297D7D200222792 /* AppDelegate.m */ = {isa = PBXFileReference; lastKnownFileType = sourcecode.c.objc; path = AppDelegate.m; sourceTree = "<group>"; };
		3BED60A12297D7D200222792 /* ViewController.h */ = {isa = PBXFileReference; lastKnownFileType = sourcecode.c.h; path = ViewController.h; sourceTree = "<group>"; };
		3BED60A22297D7D200222792 /* ViewController.m */ = {isa = PBXFileReference; lastKnownFileType = sourcecode.c.objc; path = ViewController.m; sourceTree = "<group>"; };
		3BED60A52297D7D200222792 /* Base */ = {isa = PBXFileReference; lastKnownFileType = file.storyboard; name = Base; path = Base.lproj/Main.storyboard; sourceTree = "<group>"; };
		3BED60A72297D7D400222792 /* Assets.xcassets */ = {isa = PBXFileReference; lastKnownFileType = folder.assetcatalog; path = Assets.xcassets; sourceTree = "<group>"; };
		3BED60AA2297D7D400222792 /* Base */ = {isa = PBXFileReference; lastKnownFileType = file.storyboard; name = Base; path = Base.lproj/LaunchScreen.storyboard; sourceTree = "<group>"; };
		3BED60AC2297D7D400222792 /* Info.plist */ = {isa = PBXFileReference; lastKnownFileType = text.plist.xml; path = Info.plist; sourceTree = "<group>"; };
		3BED60AD2297D7D400222792 /* main.m */ = {isa = PBXFileReference; lastKnownFileType = sourcecode.c.objc; path = main.m; sourceTree = "<group>"; };
		3BED60B42297D82200222792 /* KVOObject.h */ = {isa = PBXFileReference; lastKnownFileType = sourcecode.c.h; path = KVOObject.h; sourceTree = "<group>"; };
		3BED60B52297D82200222792 /* KVOObject.m */ = {isa = PBXFileReference; lastKnownFileType = sourcecode.c.objc; path = KVOObject.m; sourceTree = "<group>"; };
		3BED60B72297E02900222792 /* KVOObserver.h */ = {isa = PBXFileReference; lastKnownFileType = sourcecode.c.h; path = KVOObserver.h; sourceTree = "<group>"; };
		3BED60B82297E02900222792 /* KVOObserver.m */ = {isa = PBXFileReference; lastKnownFileType = sourcecode.c.objc; path = KVOObserver.m; sourceTree = "<group>"; };
/* End PBXFileReference section */

/* Begin PBXFrameworksBuildPhase section */
		3BED60982297D7D200222792 /* Frameworks */ = {
			isa = PBXFrameworksBuildPhase;
			buildActionMask = 2147483647;
			files = (
			);
			runOnlyForDeploymentPostprocessing = 0;
		};
/* End PBXFrameworksBuildPhase section */

/* Begin PBXGroup section */
		3BED60922297D7D200222792 = {
			isa = PBXGroup;
			children = (
				3BED609D2297D7D200222792 /* KVO_TEST */,
				3BED609C2297D7D200222792 /* Products */,
			);
			sourceTree = "<group>";
		};
		3BED609C2297D7D200222792 /* Products */ = {
			isa = PBXGroup;
			children = (
				3BED609B2297D7D200222792 /* KVO_TEST.app */,
			);
			name = Products;
			sourceTree = "<group>";
		};
		3BED609D2297D7D200222792 /* KVO_TEST */ = {
			isa = PBXGroup;
			children = (
				3BED609E2297D7D200222792 /* AppDelegate.h */,
				3BED609F2297D7D200222792 /* AppDelegate.m */,
				3BED60A12297D7D200222792 /* ViewController.h */,
				3BED60A22297D7D200222792 /* ViewController.m */,
				3BED60B42297D82200222792 /* KVOObject.h */,
				3BED60B52297D82200222792 /* KVOObject.m */,
				3BED60B72297E02900222792 /* KVOObserver.h */,
				3BED60B82297E02900222792 /* KVOObserver.m */,
				3BED60A42297D7D200222792 /* Main.storyboard */,
				3BED60A72297D7D400222792 /* Assets.xcassets */,
				3BED60A92297D7D400222792 /* LaunchScreen.storyboard */,
				3BED60AC2297D7D400222792 /* Info.plist */,
				3BED60AD2297D7D400222792 /* main.m */,
			);
			path = KVO_TEST;
			sourceTree = "<group>";
		};
/* End PBXGroup section */

/* Begin PBXNativeTarget section */
		3BED609A2297D7D200222792 /* KVO_TEST */ = {
			isa = PBXNativeTarget;
			buildConfigurationList = 3BED60B12297D7D400222792 /* Build configuration list for PBXNativeTarget "KVO_TEST" */;
			buildPhases = (
				3BED60972297D7D200222792 /* Sources */,
				3BED60982297D7D200222792 /* Frameworks */,
				3BED60992297D7D200222792 /* Resources */,
			);
			buildRules = (
			);
			dependencies = (
			);
			name = KVO_TEST;
			productName = KVO_TEST;
			productReference = 3BED609B2297D7D200222792 /* KVO_TEST.app */;
			productType = "com.apple.product-type.application";
		};
/* End PBXNativeTarget section */

/* Begin PBXProject section */
		3BED60932297D7D200222792 /* Project object */ = {
			isa = PBXProject;
			attributes = {
				LastUpgradeCheck = 1020;
				ORGANIZATIONNAME = unitTao;
				TargetAttributes = {
					3BED609A2297D7D200222792 = {
						CreatedOnToolsVersion = 10.2.1;
					};
				};
			};
			buildConfigurationList = 3BED60962297D7D200222792 /* Build configuration list for PBXProject "KVO_TEST" */;
			compatibilityVersion = "Xcode 9.3";
			developmentRegion = en;
			hasScannedForEncodings = 0;
			knownRegions = (
				en,
				Base,
			);
			mainGroup = 3BED60922297D7D200222792;
			productRefGroup = 3BED609C2297D7D200222792 /* Products */;
			projectDirPath = "";
			projectRoot = "";
			targets = (
				3BED609A2297D7D200222792 /* KVO_TEST */,
			);
		};
/* End PBXProject section */

/* Begin PBXResourcesBuildPhase section */
		3BED60992297D7D200222792 /* Resources */ = {
			isa = PBXResourcesBuildPhase;
			buildActionMask = 2147483647;
			files = (
				3BED60AB2297D7D400222792 /* LaunchScreen.storyboard in Resources */,
				3BED60A82297D7D400222792 /* Assets.xcassets in Resources */,
				3BED60A62297D7D200222792 /* Main.storyboard in Resources */,
			);
			runOnlyForDeploymentPostprocessing = 0;
		};
/* End PBXResourcesBuildPhase section */

/* Begin PBXSourcesBuildPhase section */
		3BED60972297D7D200222792 /* Sources */ = {
			isa = PBXSourcesBuildPhase;
			buildActionMask = 2147483647;
			files = (
				3BED60A32297D7D200222792 /* ViewController.m in Sources */,
				3BED60B62297D82200222792 /* KVOObject.m in Sources */,
				3BED60AE2297D7D400222792 /* main.m in Sources */,
				3BED60A02297D7D200222792 /* AppDelegate.m in Sources */,
				3BED60B92297E02900222792 /* KVOObserver.m in Sources */,
			);
			runOnlyForDeploymentPostprocessing = 0;
		};
/* End PBXSourcesBuildPhase section */

/* Begin PBXVariantGroup section */
		3BED60A42297D7D200222792 /* Main.storyboard */ = {
			isa = PBXVariantGroup;
			children = (
				3BED60A52297D7D200222792 /* Base */,
			);
			name = Main.storyboard;
			sourceTree = "<group>";
		};
		3BED60A92297D7D400222792 /* LaunchScreen.storyboard */ = {
			isa = PBXVariantGroup;
			children = (
				3BED60AA2297D7D400222792 /* Base */,
			);
			name = LaunchScreen.storyboard;
			sourceTree = "<group>";
		};
/* End PBXVariantGroup section */

/* Begin XCBuildConfiguration section */
		3BED60AF2297D7D400222792 /* Debug */ = {
			isa = XCBuildConfiguration;
			buildSettings = {
				ALWAYS_SEARCH_USER_PATHS = NO;
				CLANG_ANALYZER_NONNULL = YES;
				CLANG_ANALYZER_NUMBER_OBJECT_CONVERSION = YES_AGGRESSIVE;
				CLANG_CXX_LANGUAGE_STANDARD = "gnu++14";
				CLANG_CXX_LIBRARY = "libc++";
				CLANG_ENABLE_MODULES = YES;
				CLANG_ENABLE_OBJC_ARC = YES;
				CLANG_ENABLE_OBJC_WEAK = YES;
				CLANG_WARN_BLOCK_CAPTURE_AUTORELEASING = YES;
				CLANG_WARN_BOOL_CONVERSION = YES;
				CLANG_WARN_COMMA = YES;
				CLANG_WARN_CONSTANT_CONVERSION = YES;
				CLANG_WARN_DEPRECATED_OBJC_IMPLEMENTATIONS = YES;
				CLANG_WARN_DIRECT_OBJC_ISA_USAGE = YES_ERROR;
				CLANG_WARN_DOCUMENTATION_COMMENTS = YES;
				CLANG_WARN_EMPTY_BODY = YES;
				CLANG_WARN_ENUM_CONVERSION = YES;
				CLANG_WARN_INFINITE_RECURSION = YES;
				CLANG_WARN_INT_CONVERSION = YES;
				CLANG_WARN_NON_LITERAL_NULL_CONVERSION = YES;
				CLANG_WARN_OBJC_IMPLICIT_RETAIN_SELF = YES;
				CLANG_WARN_OBJC_LITERAL_CONVERSION = YES;
				CLANG_WARN_OBJC_ROOT_CLASS = YES_ERROR;
				CLANG_WARN_RANGE_LOOP_ANALYSIS = YES;
				CLANG_WARN_STRICT_PROTOTYPES = YES;
				CLANG_WARN_SUSPICIOUS_MOVE = YES;
				CLANG_WARN_UNGUARDED_AVAILABILITY = YES_AGGRESSIVE;
				CLANG_WARN_UNREACHABLE_CODE = YES;
				CLANG_WARN__DUPLICATE_METHOD_MATCH = YES;
				CODE_SIGN_IDENTITY = "iPhone Developer";
				COPY_PHASE_STRIP = NO;
				DEBUG_INFORMATION_FORMAT = dwarf;
				ENABLE_STRICT_OBJC_MSGSEND = YES;
				ENABLE_TESTABILITY = YES;
				GCC_C_LANGUAGE_STANDARD = gnu11;
				GCC_DYNAMIC_NO_PIC = NO;
				GCC_NO_COMMON_BLOCKS = YES;
				GCC_OPTIMIZATION_LEVEL = 0;
				GCC_PREPROCESSOR_DEFINITIONS = (
					"DEBUG=1",
					"$(inherited)",
				);
				GCC_WARN_64_TO_32_BIT_CONVERSION = YES;
				GCC_WARN_ABOUT_RETURN_TYPE = YES_ERROR;
				GCC_WARN_UNDECLARED_SELECTOR = YES;
				GCC_WARN_UNINITIALIZED_AUTOS = YES_AGGRESSIVE;
				GCC_WARN_UNUSED_FUNCTION = YES;
				GCC_WARN_UNUSED_VARIABLE = YES;
				IPHONEOS_DEPLOYMENT_TARGET = 12.2;
				MTL_ENABLE_DEBUG_INFO = INCLUDE_SOURCE;
				MTL_FAST_MATH = YES;
				ONLY_ACTIVE_ARCH = YES;
				SDKROOT = iphoneos;
			};
			name = Debug;
		};
		3BED60B02297D7D400222792 /* Release */ = {
			isa = XCBuildConfiguration;
			buildSettings = {
				ALWAYS_SEARCH_USER_PATHS = NO;
				CLANG_ANALYZER_NONNULL = YES;
				CLANG_ANALYZER_NUMBER_OBJECT_CONVERSION = YES_AGGRESSIVE;
				CLANG_CXX_LANGUAGE_STANDARD = "gnu++14";
				CLANG_CXX_LIBRARY = "libc++";
				CLANG_ENABLE_MODULES = YES;
				CLANG_ENABLE_OBJC_ARC = YES;
				CLANG_ENABLE_OBJC_WEAK = YES;
				CLANG_WARN_BLOCK_CAPTURE_AUTORELEASING = YES;
				CLANG_WARN_BOOL_CONVERSION = YES;
				CLANG_WARN_COMMA = YES;
				CLANG_WARN_CONSTANT_CONVERSION = YES;
				CLANG_WARN_DEPRECATED_OBJC_IMPLEMENTATIONS = YES;
				CLANG_WARN_DIRECT_OBJC_ISA_USAGE = YES_ERROR;
				CLANG_WARN_DOCUMENTATION_COMMENTS = YES;
				CLANG_WARN_EMPTY_BODY = YES;
				CLANG_WARN_ENUM_CONVERSION = YES;
				CLANG_WARN_INFINITE_RECURSION = YES;
				CLANG_WARN_INT_CONVERSION = YES;
				CLANG_WARN_NON_LITERAL_NULL_CONVERSION = YES;
				CLANG_WARN_OBJC_IMPLICIT_RETAIN_SELF = YES;
				CLANG_WARN_OBJC_LITERAL_CONVERSION = YES;
				CLANG_WARN_OBJC_ROOT_CLASS = YES_ERROR;
				CLANG_WARN_RANGE_LOOP_ANALYSIS = YES;
				CLANG_WARN_STRICT_PROTOTYPES = YES;
				CLANG_WARN_SUSPICIOUS_MOVE = YES;
				CLANG_WARN_UNGUARDED_AVAILABILITY = YES_AGGRESSIVE;
				CLANG_WARN_UNREACHABLE_CODE = YES;
				CLANG_WARN__DUPLICATE_METHOD_MATCH = YES;
				CODE_SIGN_IDENTITY = "iPhone Developer";
				COPY_PHASE_STRIP = NO;
				DEBUG_INFORMATION_FORMAT = "dwarf-with-dsym";
				ENABLE_NS_ASSERTIONS = NO;
				ENABLE_STRICT_OBJC_MSGSEND = YES;
				GCC_C_LANGUAGE_STANDARD = gnu11;
				GCC_NO_COMMON_BLOCKS = YES;
				GCC_WARN_64_TO_32_BIT_CONVERSION = YES;
				GCC_WARN_ABOUT_RETURN_TYPE = YES_ERROR;
				GCC_WARN_UNDECLARED_SELECTOR = YES;
				GCC_WARN_UNINITIALIZED_AUTOS = YES_AGGRESSIVE;
				GCC_WARN_UNUSED_FUNCTION = YES;
				GCC_WARN_UNUSED_VARIABLE = YES;
				IPHONEOS_DEPLOYMENT_TARGET = 12.2;
				MTL_ENABLE_DEBUG_INFO = NO;
				MTL_FAST_MATH = YES;
				SDKROOT = iphoneos;
				VALIDATE_PRODUCT = YES;
			};
			name = Release;
		};
		3BED60B22297D7D400222792 /* Debug */ = {
			isa = XCBuildConfiguration;
			buildSettings = {
				ASSETCATALOG_COMPILER_APPICON_NAME = AppIcon;
				CODE_SIGN_STYLE = Automatic;
				INFOPLIST_FILE = KVO_TEST/Info.plist;
				LD_RUNPATH_SEARCH_PATHS = (
					"$(inherited)",
					"@executable_path/Frameworks",
				);
				PRODUCT_BUNDLE_IDENTIFIER = "cn.com.unitTao.KVO-TEST";
				PRODUCT_NAME = "$(TARGET_NAME)";
				TARGETED_DEVICE_FAMILY = "1,2";
			};
			name = Debug;
		};
		3BED60B32297D7D400222792 /* Release */ = {
			isa = XCBuildConfiguration;
			buildSettings = {
				ASSETCATALOG_COMPILER_APPICON_NAME = AppIcon;
				CODE_SIGN_STYLE = Automatic;
				INFOPLIST_FILE = KVO_TEST/Info.plist;
				LD_RUNPATH_SEARCH_PATHS = (
					"$(inherited)",
					"@executable_path/Frameworks",
				);
				PRODUCT_BUNDLE_IDENTIFIER = "cn.com.unitTao.KVO-TEST";
				PRODUCT_NAME = "$(TARGET_NAME)";
				TARGETED_DEVICE_FAMILY = "1,2";
			};
			name = Release;
		};
/* End XCBuildConfiguration section */

/* Begin XCConfigurationList section */
		3BED60962297D7D200222792 /* Build configuration list for PBXProject "KVO_TEST" */ = {
			isa = XCConfigurationList;
			buildConfigurations = (
				3BED60AF2297D7D400222792 /* Debug */,
				3BED60B02297D7D400222792 /* Release */,
			);
			defaultConfigurationIsVisible = 0;
			defaultConfigurationName = Release;
		};
		3BED60B12297D7D400222792 /* Build configuration list for PBXNativeTarget "KVO_TEST" */ = {
			isa = XCConfigurationList;
			buildConfigurations = (
				3BED60B22297D7D400222792 /* Debug */,
				3BED60B32297D7D400222792 /* Release */,
			);
			defaultConfigurationIsVisible = 0;
			defaultConfigurationName = Release;
		};
/* End XCConfigurationList section */
	};
	rootObject = 3BED60932297D7D200222792 /* Project object */;
}
